<?xml version="1.0" encoding="utf-8"?>
<Project ToolsVersion="4.0" xmlns="http://schemas.microsoft.com/developer/msbuild/2003">
  <ItemGroup>
    <Filter Include="소스 파일">
      <UniqueIdentifier>{4FC737F1-C7A5-4376-A066-2A32D752A2FF}</UniqueIdentifier>
      <Extensions>cpp;c;cc;cxx;c++;cppm;ixx;def;odl;idl;hpj;bat;asm;asmx</Extensions>
    </Filter>
    <Filter Include="헤더 파일">
      <UniqueIdentifier>{93995380-89BD-4b04-88EB-625FBE52EBFB}</UniqueIdentifier>
      <Extensions>h;hh;hpp;hxx;h++;hm;inl;inc;ipp;xsd</Extensions>
    </Filter>
    <Filter Include="리소스 파일">
      <UniqueIdentifier>{67DA6AB6-F800-4c08-8B7A-83BB121AAD01}</UniqueIdentifier>
      <Extensions>rc;ico;cur;bmp;dlg;rc2;rct;bin;rgs;gif;jpg;jpeg;jpe;resx;tiff;tif;png;wav;mfcribbon-ms</Extensions>
    </Filter>
    <Filter Include="소스 파일\01_Array">
      <UniqueIdentifier>{94a1e4d0-3812-468f-9f54-4cc4973442ed}</UniqueIdentifier>
    </Filter>
    <Filter Include="소스 파일\02_Stack">
      <UniqueIdentifier>{40d6ee26-1df7-4cf7-8d3a-c9dfd4503b8d}</UniqueIdentifier>
    </Filter>
    <Filter Include="소스 파일\03_Queue">
      <UniqueIdentifier>{ed67e027-91e8-4570-b500-160db1e38f1e}</UniqueIdentifier>
    </Filter>
    <Filter Include="소스 파일\04_List">
      <UniqueIdentifier>{3db40182-3e8d-4699-b2bf-62f235bf96d9}</UniqueIdentifier>
    </Filter>
  </ItemGroup>
  <ItemGroup>
    <ClCompile Include="StaticArray.cpp">
      <Filter>소스 파일\01_Array</Filter>
    </ClCompile>
    <ClCompile Include="DynamicArray.cpp">
      <Filter>소스 파일\01_Array</Filter>
    </ClCompile>
    <ClCompile Include="Stack.cpp">
      <Filter>소스 파일\02_Stack</Filter>
    </ClCompile>
  </ItemGroup>
</Project>